{
  "name": "homebridge-http-doorbell-v3",
  "version": "1.0.0",
  "lockfileVersion": 1,
  "requires": true,
  "dependencies": {
    "node-persist": {
      "version": "3.1.0",
      "resolved": "https://registry.npmjs.org/node-persist/-/node-persist-3.1.0.tgz",
      "integrity": "sha512-/j+fd/u71wNgKf3V2bx4tnDm+3GvLnlCuvf2MXbJ3wern+67IAb6zN9Leu1tCWPlPNZ+v1hLSibVukkPK2HqJw=="
    }
  }
}
